// !$*UTF8*$!
{
	archiveVersion = 1;
	classes = {
	};
	objectVersion = 46;
	objects = {

/* Begin PBXBuildFile section */
		297BBA9A1A460CE50024031A /* AppDelegate.swift in Sources */ = {isa = PBXBuildFile; fileRef = 297BBA991A460CE50024031A /* AppDelegate.swift */; };
		297BBA9C1A460CE50024031A /* ViewController.swift in Sources */ = {isa = PBXBuildFile; fileRef = 297BBA9B1A460CE50024031A /* ViewController.swift */; };
		297BBA9F1A460CE50024031A /* Main.storyboard in Resources */ = {isa = PBXBuildFile; fileRef = 297BBA9D1A460CE50024031A /* Main.storyboard */; };
		297BBAA11A460CE50024031A /* Images.xcassets in Resources */ = {isa = PBXBuildFile; fileRef = 297BBAA01A460CE50024031A /* Images.xcassets */; };
		297BBAA41A460CE50024031A /* LaunchScreen.xib in Resources */ = {isa = PBXBuildFile; fileRef = 297BBAA21A460CE50024031A /* LaunchScreen.xib */; };
		297BBAB01A460CE50024031A /* gameTests.swift in Sources */ = {isa = PBXBuildFile; fileRef = 297BBAAF1A460CE50024031A /* gameTests.swift */; };
/* End PBXBuildFile section */

/* Begin PBXContainerItemProxy section */
		297BBAAA1A460CE50024031A /* PBXContainerItemProxy */ = {
			isa = PBXContainerItemProxy;
			containerPortal = 297BBA8C1A460CE50024031A /* Project object */;
			proxyType = 1;
			remoteGlobalIDString = 297BBA931A460CE50024031A;
			remoteInfo = game;
		};
/* End PBXContainerItemProxy section */

/* Begin PBXFileReference section */
		297BBA941A460CE50024031A /* game.app */ = {isa = PBXFileReference; explicitFileType = wrapper.application; includeInIndex = 0; path = game.app; sourceTree = BUILT_PRODUCTS_DIR; };
		297BBA981A460CE50024031A /* Info.plist */ = {isa = PBXFileReference; lastKnownFileType = text.plist.xml; path = Info.plist; sourceTree = "<group>"; };
		297BBA991A460CE50024031A /* AppDelegate.swift */ = {isa = PBXFileReference; lastKnownFileType = sourcecode.swift; path = AppDelegate.swift; sourceTree = "<group>"; };
		297BBA9B1A460CE50024031A /* ViewController.swift */ = {isa = PBXFileReference; lastKnownFileType = sourcecode.swift; path = ViewController.swift; sourceTree = "<group>"; };
		297BBA9E1A460CE50024031A /* Base */ = {isa = PBXFileReference; lastKnownFileType = file.storyboard; name = Base; path = Base.lproj/Main.storyboard; sourceTree = "<group>"; };
		297BBAA01A460CE50024031A /* Images.xcassets */ = {isa = PBXFileReference; lastKnownFileType = folder.assetcatalog; path = Images.xcassets; sourceTree = "<group>"; };
		297BBAA31A460CE50024031A /* Base */ = {isa = PBXFileReference; lastKnownFileType = file.xib; name = Base; path = Base.lproj/LaunchScreen.xib; sourceTree = "<group>"; };
		297BBAA91A460CE50024031A /* gameTests.xctest */ = {isa = PBXFileReference; explicitFileType = wrapper.cfbundle; includeInIndex = 0; path = gameTests.xctest; sourceTree = BUILT_PRODUCTS_DIR; };
		297BBAAE1A460CE50024031A /* Info.plist */ = {isa = PBXFileReference; lastKnownFileType = text.plist.xml; path = Info.plist; sourceTree = "<group>"; };
		297BBAAF1A460CE50024031A /* gameTests.swift */ = {isa = PBXFileReference; lastKnownFileType = sourcecode.swift; path = gameTests.swift; sourceTree = "<group>"; };
/* End PBXFileReference section */

/* Begin PBXFrameworksBuildPhase section */
		297BBA911A460CE50024031A /* Frameworks */ = {
			isa = PBXFrameworksBuildPhase;
			buildActionMask = 2147483647;
			files = (
			);
			runOnlyForDeploymentPostprocessing = 0;
		};
		297BBAA61A460CE50024031A /* Frameworks */ = {
			isa = PBXFrameworksBuildPhase;
			buildActionMask = 2147483647;
			files = (
			);
			runOnlyForDeploymentPostprocessing = 0;
		};
/* End PBXFrameworksBuildPhase section */

/* Begin PBXGroup section */
		297BBA8B1A460CE50024031A = {
			isa = PBXGroup;
			children = (
				297BBA961A460CE50024031A /* game */,
				297BBAAC1A460CE50024031A /* gameTests */,
				297BBA951A460CE50024031A /* Products */,
			);
			sourceTree = "<group>";
		};
		297BBA951A460CE50024031A /* Products */ = {
			isa = PBXGroup;
			children = (
				297BBA941A460CE50024031A /* game.app */,
				297BBAA91A460CE50024031A /* gameTests.xctest */,
			);
			name = Products;
			sourceTree = "<group>";
		};
		297BBA961A460CE50024031A /* game */ = {
			isa = PBXGroup;
			children = (
				297BBA991A460CE50024031A /* AppDelegate.swift */,
				297BBA9B1A460CE50024031A /* ViewController.swift */,
				297BBA9D1A460CE50024031A /* Main.storyboard */,
				297BBAA01A460CE50024031A /* Images.xcassets */,
				297BBAA21A460CE50024031A /* LaunchScreen.xib */,
				297BBA971A460CE50024031A /* Supporting Files */,
			);
			path = game;
			sourceTree = "<group>";
		};
		297BBA971A460CE50024031A /* Supporting Files */ = {
			isa = PBXGroup;
			children = (
				297BBA981A460CE50024031A /* Info.plist */,
			);
			name = "Supporting Files";
			sourceTree = "<group>";
		};
		297BBAAC1A460CE50024031A /* gameTests */ = {
			isa = PBXGroup;
			children = (
				297BBAAF1A460CE50024031A /* gameTests.swift */,
				297BBAAD1A460CE50024031A /* Supporting Files */,
			);
			path = gameTests;
			sourceTree = "<group>";
		};
		297BBAAD1A460CE50024031A /* Supporting Files */ = {
			isa = PBXGroup;
			children = (
				297BBAAE1A460CE50024031A /* Info.plist */,
			);
			name = "Supporting Files";
			sourceTree = "<group>";
		};
/* End PBXGroup section */

/* Begin PBXNativeTarget section */
		297BBA931A460CE50024031A /* game */ = {
			isa = PBXNativeTarget;
			buildConfigurationList = 297BBAB31A460CE50024031A /* Build configuration list for PBXNativeTarget "game" */;
			buildPhases = (
				297BBA901A460CE50024031A /* Sources */,
				297BBA911A460CE50024031A /* Frameworks */,
				297BBA921A460CE50024031A /* Resources */,
			);
			buildRules = (
			);
			dependencies = (
			);
			name = game;
			productName = game;
			productReference = 297BBA941A460CE50024031A /* game.app */;
			productType = "com.apple.product-type.application";
		};
		297BBAA81A460CE50024031A /* gameTests */ = {
			isa = PBXNativeTarget;
			buildConfigurationList = 297BBAB61A460CE50024031A /* Build configuration list for PBXNativeTarget "gameTests" */;
			buildPhases = (
				297BBAA51A460CE50024031A /* Sources */,
				297BBAA61A460CE50024031A /* Frameworks */,
				297BBAA71A460CE50024031A /* Resources */,
			);
			buildRules = (
			);
			dependencies = (
				297BBAAB1A460CE50024031A /* PBXTargetDependency */,
			);
			name = gameTests;
			productName = gameTests;
			productReference = 297BBAA91A460CE50024031A /* gameTests.xctest */;
			productType = "com.apple.product-type.bundle.unit-test";
		};
/* End PBXNativeTarget section */

/* Begin PBXProject section */
		297BBA8C1A460CE50024031A /* Project object */ = {
			isa = PBXProject;
			attributes = {
				LastUpgradeCheck = 0610;
				ORGANIZATIONNAME = "Aakash Anand Mishra";
				TargetAttributes = {
					297BBA931A460CE50024031A = {
						CreatedOnToolsVersion = 6.1.1;
					};
					297BBAA81A460CE50024031A = {
						CreatedOnToolsVersion = 6.1.1;
						TestTargetID = 297BBA931A460CE50024031A;
					};
				};
			};
			buildConfigurationList = 297BBA8F1A460CE50024031A /* Build configuration list for PBXProject "game" */;
			compatibilityVersion = "Xcode 3.2";
			developmentRegion = English;
			hasScannedForEncodings = 0;
			knownRegions = (
				en,
				Base,
			);
			mainGroup = 297BBA8B1A460CE50024031A;
			productRefGroup = 297BBA951A460CE50024031A /* Products */;
			projectDirPath = "";
			projectRoot = "";
			targets = (
				297BBA931A460CE50024031A /* game */,
				297BBAA81A460CE50024031A /* gameTests */,
			);
		};
/* End PBXProject section */

/* Begin PBXResourcesBuildPhase section */
		297BBA921A460CE50024031A /* Resources */ = {
			isa = PBXResourcesBuildPhase;
			buildActionMask = 2147483647;
			files = (
				297BBA9F1A460CE50024031A /* Main.storyboard in Resources */,
				297BBAA41A460CE50024031A /* LaunchScreen.xib in Resources */,
				297BBAA11A460CE50024031A /* Images.xcassets in Resources */,
			);
			runOnlyForDeploymentPostprocessing = 0;
		};
		297BBAA71A460CE50024031A /* Resources */ = {
			isa = PBXResourcesBuildPhase;
			buildActionMask = 2147483647;
			files = (
			);
			runOnlyForDeploymentPostprocessing = 0;
		};
/* End PBXResourcesBuildPhase section */

/* Begin PBXSourcesBuildPhase section */
		297BBA901A460CE50024031A /* Sources */ = {
			isa = PBXSourcesBuildPhase;
			buildActionMask = 2147483647;
			files = (
				297BBA9C1A460CE50024031A /* ViewController.swift in Sources */,
				297BBA9A1A460CE50024031A /* AppDelegate.swift in Sources */,
			);
			runOnlyForDeploymentPostprocessing = 0;
		};
		297BBAA51A460CE50024031A /* Sources */ = {
			isa = PBXSourcesBuildPhase;
			buildActionMask = 2147483647;
			files = (
				297BBAB01A460CE50024031A /* gameTests.swift in Sources */,
			);
			runOnlyForDeploymentPostprocessing = 0;
		};
/* End PBXSourcesBuildPhase section */

/* Begin PBXTargetDependency section */
		297BBAAB1A460CE50024031A /* PBXTargetDependency */ = {
			isa = PBXTargetDependency;
			target = 297BBA931A460CE50024031A /* game */;
			targetProxy = 297BBAAA1A460CE50024031A /* PBXContainerItemProxy */;
		};
/* End PBXTargetDependency section */

/* Begin PBXVariantGroup section */
		297BBA9D1A460CE50024031A /* Main.storyboard */ = {
			isa = PBXVariantGroup;
			children = (
				297BBA9E1A460CE50024031A /* Base */,
			);
			name = Main.storyboard;
			sourceTree = "<group>";
		};
		297BBAA21A460CE50024031A /* LaunchScreen.xib */ = {
			isa = PBXVariantGroup;
			children = (
				297BBAA31A460CE50024031A /* Base */,
			);
			name = LaunchScreen.xib;
			sourceTree = "<group>";
		};
/* End PBXVariantGroup section */

/* Begin XCBuildConfiguration section */
		297BBAB11A460CE50024031A /* Debug */ = {
			isa = XCBuildConfiguration;
			buildSettings = {
				ALWAYS_SEARCH_USER_PATHS = NO;
				CLANG_CXX_LANGUAGE_STANDARD = "gnu++0x";
				CLANG_CXX_LIBRARY = "libc++";
				CLANG_ENABLE_MODULES = YES;
				CLANG_ENABLE_OBJC_ARC = YES;
				CLANG_WARN_BOOL_CONVERSION = YES;
				CLANG_WARN_CONSTANT_CONVERSION = YES;
				CLANG_WARN_DIRECT_OBJC_ISA_USAGE = YES_ERROR;
				CLANG_WARN_EMPTY_BODY = YES;
				CLANG_WARN_ENUM_CONVERSION = YES;
				CLANG_WARN_INT_CONVERSION = YES;
				CLANG_WARN_OBJC_ROOT_CLASS = YES_ERROR;
				CLANG_WARN_UNREACHABLE_CODE = YES;
				CLANG_WARN__DUPLICATE_METHOD_MATCH = YES;
				"CODE_SIGN_IDENTITY[sdk=iphoneos*]" = "iPhone Developer";
				COPY_PHASE_STRIP = NO;
				ENABLE_STRICT_OBJC_MSGSEND = YES;
				GCC_C_LANGUAGE_STANDARD = gnu99;
				GCC_DYNAMIC_NO_PIC = NO;
				GCC_OPTIMIZATION_LEVEL = 0;
				GCC_PREPROCESSOR_DEFINITIONS = (
					"DEBUG=1",
					"$(inherited)",
				);
				GCC_SYMBOLS_PRIVATE_EXTERN = NO;
				GCC_WARN_64_TO_32_BIT_CONVERSION = YES;
				GCC_WARN_ABOUT_RETURN_TYPE = YES_ERROR;
				GCC_WARN_UNDECLARED_SELECTOR = YES;
				GCC_WARN_UNINITIALIZED_AUTOS = YES_AGGRESSIVE;
				GCC_WARN_UNUSED_FUNCTION = YES;
				GCC_WARN_UNUSED_VARIABLE = YES;
				IPHONEOS_DEPLOYMENT_TARGET = 8.1;
				MTL_ENABLE_DEBUG_INFO = YES;
				ONLY_ACTIVE_ARCH = YES;
				SDKROOT = iphoneos;
				SWIFT_OPTIMIZATION_LEVEL = "-Onone";
			};
			name = Debug;
		};
		297BBAB21A460CE50024031A /* Release */ = {
			isa = XCBuildConfiguration;
			buildSettings = {
				ALWAYS_SEARCH_USER_PATHS = NO;
				CLANG_CXX_LANGUAGE_STANDARD = "gnu++0x";
				CLANG_CXX_LIBRARY = "libc++";
				CLANG_ENABLE_MODULES = YES;
				CLANG_ENABLE_OBJC_ARC = YES;
				CLANG_WARN_BOOL_CONVERSION = YES;
				CLANG_WARN_CONSTANT_CONVERSION = YES;
				CLANG_WARN_DIRECT_OBJC_ISA_USAGE = YES_ERROR;
				CLANG_WARN_EMPTY_BODY = YES;
				CLANG_WARN_ENUM_CONVERSION = YES;
				CLANG_WARN_INT_CONVERSION = YES;
				CLANG_WARN_OBJC_ROOT_CLASS = YES_ERROR;
				CLANG_WARN_UNREACHABLE_CODE = YES;
				CLANG_WARN__DUPLICATE_METHOD_MATCH = YES;
				"CODE_SIGN_IDENTITY[sdk=iphoneos*]" = "iPhone Developer";
				COPY_PHASE_STRIP = YES;
				ENABLE_NS_ASSERTIONS = NO;
				ENABLE_STRICT_OBJC_MSGSEND = YES;
				GCC_C_LANGUAGE_STANDARD = gnu99;
				GCC_WARN_64_TO_32_BIT_CONVERSION = YES;
				GCC_WARN_ABOUT_RETURN_TYPE = YES_ERROR;
				GCC_WARN_UNDECLARED_SELECTOR = YES;
				GCC_WARN_UNINITIALIZED_AUTOS = YES_AGGRESSIVE;
				GCC_WARN_UNUSED_FUNCTION = YES;
				GCC_WARN_UNUSED_VARIABLE = YES;
				IPHONEOS_DEPLOYMENT_TARGET = 8.1;
				MTL_ENABLE_DEBUG_INFO = NO;
				SDKROOT = iphoneos;
				VALIDATE_PRODUCT = YES;
			};
			name = Release;
		};
		297BBAB41A460CE50024031A /* Debug */ = {
			isa = XCBuildConfiguration;
			buildSettings = {
				ASSETCATALOG_COMPILER_APPICON_NAME = AppIcon;
				INFOPLIST_FILE = game/Info.plist;
				LD_RUNPATH_SEARCH_PATHS = "$(inherited) @executable_path/Frameworks";
				PRODUCT_NAME = "$(TARGET_NAME)";
			};
			name = Debug;
		};
		297BBAB51A460CE50024031A /* Release */ = {
			isa = XCBuildConfiguration;
			buildSettings = {
				ASSETCATALOG_COMPILER_APPICON_NAME = AppIcon;
				INFOPLIST_FILE = game/Info.plist;
				LD_RUNPATH_SEARCH_PATHS = "$(inherited) @executable_path/Frameworks";
				PRODUCT_NAME = "$(TARGET_NAME)";
			};
			name = Release;
		};
		297BBAB71A460CE50024031A /* Debug */ = {
			isa = XCBuildConfiguration;
			buildSettings = {
				BUNDLE_LOADER = "$(TEST_HOST)";
				FRAMEWORK_SEARCH_PATHS = (
					"$(SDKROOT)/Developer/Library/Frameworks",
					"$(inherited)",
				);
				GCC_PREPROCESSOR_DEFINITIONS = (
					"DEBUG=1",
					"$(inherited)",
				);
				INFOPLIST_FILE = gameTests/Info.plist;
				LD_RUNPATH_SEARCH_PATHS = "$(inherited) @executable_path/Frameworks @loader_path/Frameworks";
				PRODUCT_NAME = "$(TARGET_NAME)";
				TEST_HOST = "$(BUILT_PRODUCTS_DIR)/game.app/game";
			};
			name = Debug;
		};
		297BBAB81A460CE50024031A /* Release */ = {
			isa = XCBuildConfiguration;
			buildSettings = {
				BUNDLE_LOADER = "$(TEST_HOST)";
				FRAMEWORK_SEARCH_PATHS = (
					"$(SDKROOT)/Developer/Library/Frameworks",
					"$(inherited)",
				);
				INFOPLIST_FILE = gameTests/Info.plist;
				LD_RUNPATH_SEARCH_PATHS = "$(inherited) @executable_path/Frameworks @loader_path/Frameworks";
				PRODUCT_NAME = "$(TARGET_NAME)";
				TEST_HOST = "$(BUILT_PRODUCTS_DIR)/game.app/game";
			};
			name = Release;
		};
/* End XCBuildConfiguration section */

/* Begin XCConfigurationList section */
		297BBA8F1A460CE50024031A /* Build configuration list for PBXProject "game" */ = {
			isa = XCConfigurationList;
			buildConfigurations = (
				297BBAB11A460CE50024031A /* Debug */,
				297BBAB21A460CE50024031A /* Release */,
			);
			defaultConfigurationIsVisible = 0;
			defaultConfigurationName = Release;
		};
		297BBAB31A460CE50024031A /* Build configuration list for PBXNativeTarget "game" */ = {
			isa = XCConfigurationList;
			buildConfigurations = (
				297BBAB41A460CE50024031A /* Debug */,
				297BBAB51A460CE50024031A /* Release */,
			);
			defaultConfigurationIsVisible = 0;
		};
		297BBAB61A460CE50024031A /* Build configuration list for PBXNativeTarget "gameTests" */ = {
			isa = XCConfigurationList;
			buildConfigurations = (
				297BBAB71A460CE50024031A /* Debug */,
				297BBAB81A460CE50024031A /* Release */,
			);
			defaultConfigurationIsVisible = 0;
		};
/* End XCConfigurationList section */
	};
	rootObject = 297BBA8C1A460CE50024031A /* Project object */;
}
