// !$*UTF8*$!
{
	archiveVersion = 1;
	classes = {
	};
	objectVersion = 46;
	objects = {

/* Begin PBXBuildFile section */
		291632031A574DC800FF58A2 /* AppDelegate.swift in Sources */ = {isa = PBXBuildFile; fileRef = 291632021A574DC800FF58A2 /* AppDelegate.swift */; };
		291632051A574DC800FF58A2 /* ViewController.swift in Sources */ = {isa = PBXBuildFile; fileRef = 291632041A574DC800FF58A2 /* ViewController.swift */; };
		291632081A574DC800FF58A2 /* Main.storyboard in Resources */ = {isa = PBXBuildFile; fileRef = 291632061A574DC800FF58A2 /* Main.storyboard */; };
		2916320A1A574DC800FF58A2 /* Images.xcassets in Resources */ = {isa = PBXBuildFile; fileRef = 291632091A574DC800FF58A2 /* Images.xcassets */; };
		2916320D1A574DC800FF58A2 /* LaunchScreen.xib in Resources */ = {isa = PBXBuildFile; fileRef = 2916320B1A574DC800FF58A2 /* LaunchScreen.xib */; };
		291632191A574DC800FF58A2 /* XplodeTests.swift in Sources */ = {isa = PBXBuildFile; fileRef = 291632181A574DC800FF58A2 /* XplodeTests.swift */; };
/* End PBXBuildFile section */

/* Begin PBXContainerItemProxy section */
		291632131A574DC800FF58A2 /* PBXContainerItemProxy */ = {
			isa = PBXContainerItemProxy;
			containerPortal = 291631F51A574DC800FF58A2 /* Project object */;
			proxyType = 1;
			remoteGlobalIDString = 291631FC1A574DC800FF58A2;
			remoteInfo = Xplode;
		};
/* End PBXContainerItemProxy section */

/* Begin PBXFileReference section */
		291631FD1A574DC800FF58A2 /* Xplode.app */ = {isa = PBXFileReference; explicitFileType = wrapper.application; includeInIndex = 0; path = Xplode.app; sourceTree = BUILT_PRODUCTS_DIR; };
		291632011A574DC800FF58A2 /* Info.plist */ = {isa = PBXFileReference; lastKnownFileType = text.plist.xml; path = Info.plist; sourceTree = "<group>"; };
		291632021A574DC800FF58A2 /* AppDelegate.swift */ = {isa = PBXFileReference; lastKnownFileType = sourcecode.swift; path = AppDelegate.swift; sourceTree = "<group>"; };
		291632041A574DC800FF58A2 /* ViewController.swift */ = {isa = PBXFileReference; lastKnownFileType = sourcecode.swift; path = ViewController.swift; sourceTree = "<group>"; };
		291632071A574DC800FF58A2 /* Base */ = {isa = PBXFileReference; lastKnownFileType = file.storyboard; name = Base; path = Base.lproj/Main.storyboard; sourceTree = "<group>"; };
		291632091A574DC800FF58A2 /* Images.xcassets */ = {isa = PBXFileReference; lastKnownFileType = folder.assetcatalog; path = Images.xcassets; sourceTree = "<group>"; };
		2916320C1A574DC800FF58A2 /* Base */ = {isa = PBXFileReference; lastKnownFileType = file.xib; name = Base; path = Base.lproj/LaunchScreen.xib; sourceTree = "<group>"; };
		291632121A574DC800FF58A2 /* XplodeTests.xctest */ = {isa = PBXFileReference; explicitFileType = wrapper.cfbundle; includeInIndex = 0; path = XplodeTests.xctest; sourceTree = BUILT_PRODUCTS_DIR; };
		291632171A574DC800FF58A2 /* Info.plist */ = {isa = PBXFileReference; lastKnownFileType = text.plist.xml; path = Info.plist; sourceTree = "<group>"; };
		291632181A574DC800FF58A2 /* XplodeTests.swift */ = {isa = PBXFileReference; lastKnownFileType = sourcecode.swift; path = XplodeTests.swift; sourceTree = "<group>"; };
/* End PBXFileReference section */

/* Begin PBXFrameworksBuildPhase section */
		291631FA1A574DC800FF58A2 /* Frameworks */ = {
			isa = PBXFrameworksBuildPhase;
			buildActionMask = 2147483647;
			files = (
			);
			runOnlyForDeploymentPostprocessing = 0;
		};
		2916320F1A574DC800FF58A2 /* Frameworks */ = {
			isa = PBXFrameworksBuildPhase;
			buildActionMask = 2147483647;
			files = (
			);
			runOnlyForDeploymentPostprocessing = 0;
		};
/* End PBXFrameworksBuildPhase section */

/* Begin PBXGroup section */
		291631F41A574DC800FF58A2 = {
			isa = PBXGroup;
			children = (
				291631FF1A574DC800FF58A2 /* Xplode */,
				291632151A574DC800FF58A2 /* XplodeTests */,
				291631FE1A574DC800FF58A2 /* Products */,
			);
			sourceTree = "<group>";
		};
		291631FE1A574DC800FF58A2 /* Products */ = {
			isa = PBXGroup;
			children = (
				291631FD1A574DC800FF58A2 /* Xplode.app */,
				291632121A574DC800FF58A2 /* XplodeTests.xctest */,
			);
			name = Products;
			sourceTree = "<group>";
		};
		291631FF1A574DC800FF58A2 /* Xplode */ = {
			isa = PBXGroup;
			children = (
				291632021A574DC800FF58A2 /* AppDelegate.swift */,
				291632041A574DC800FF58A2 /* ViewController.swift */,
				291632061A574DC800FF58A2 /* Main.storyboard */,
				291632091A574DC800FF58A2 /* Images.xcassets */,
				2916320B1A574DC800FF58A2 /* LaunchScreen.xib */,
				291632001A574DC800FF58A2 /* Supporting Files */,
			);
			path = Xplode;
			sourceTree = "<group>";
		};
		291632001A574DC800FF58A2 /* Supporting Files */ = {
			isa = PBXGroup;
			children = (
				291632011A574DC800FF58A2 /* Info.plist */,
			);
			name = "Supporting Files";
			sourceTree = "<group>";
		};
		291632151A574DC800FF58A2 /* XplodeTests */ = {
			isa = PBXGroup;
			children = (
				291632181A574DC800FF58A2 /* XplodeTests.swift */,
				291632161A574DC800FF58A2 /* Supporting Files */,
			);
			path = XplodeTests;
			sourceTree = "<group>";
		};
		291632161A574DC800FF58A2 /* Supporting Files */ = {
			isa = PBXGroup;
			children = (
				291632171A574DC800FF58A2 /* Info.plist */,
			);
			name = "Supporting Files";
			sourceTree = "<group>";
		};
/* End PBXGroup section */

/* Begin PBXNativeTarget section */
		291631FC1A574DC800FF58A2 /* Xplode */ = {
			isa = PBXNativeTarget;
			buildConfigurationList = 2916321C1A574DC800FF58A2 /* Build configuration list for PBXNativeTarget "Xplode" */;
			buildPhases = (
				291631F91A574DC800FF58A2 /* Sources */,
				291631FA1A574DC800FF58A2 /* Frameworks */,
				291631FB1A574DC800FF58A2 /* Resources */,
			);
			buildRules = (
			);
			dependencies = (
			);
			name = Xplode;
			productName = Xplode;
			productReference = 291631FD1A574DC800FF58A2 /* Xplode.app */;
			productType = "com.apple.product-type.application";
		};
		291632111A574DC800FF58A2 /* XplodeTests */ = {
			isa = PBXNativeTarget;
			buildConfigurationList = 2916321F1A574DC800FF58A2 /* Build configuration list for PBXNativeTarget "XplodeTests" */;
			buildPhases = (
				2916320E1A574DC800FF58A2 /* Sources */,
				2916320F1A574DC800FF58A2 /* Frameworks */,
				291632101A574DC800FF58A2 /* Resources */,
			);
			buildRules = (
			);
			dependencies = (
				291632141A574DC800FF58A2 /* PBXTargetDependency */,
			);
			name = XplodeTests;
			productName = XplodeTests;
			productReference = 291632121A574DC800FF58A2 /* XplodeTests.xctest */;
			productType = "com.apple.product-type.bundle.unit-test";
		};
/* End PBXNativeTarget section */

/* Begin PBXProject section */
		291631F51A574DC800FF58A2 /* Project object */ = {
			isa = PBXProject;
			attributes = {
				LastUpgradeCheck = 0610;
				ORGANIZATIONNAME = "Aakash Anand Mishra";
				TargetAttributes = {
					291631FC1A574DC800FF58A2 = {
						CreatedOnToolsVersion = 6.1.1;
					};
					291632111A574DC800FF58A2 = {
						CreatedOnToolsVersion = 6.1.1;
						TestTargetID = 291631FC1A574DC800FF58A2;
					};
				};
			};
			buildConfigurationList = 291631F81A574DC800FF58A2 /* Build configuration list for PBXProject "Xplode" */;
			compatibilityVersion = "Xcode 3.2";
			developmentRegion = English;
			hasScannedForEncodings = 0;
			knownRegions = (
				en,
				Base,
			);
			mainGroup = 291631F41A574DC800FF58A2;
			productRefGroup = 291631FE1A574DC800FF58A2 /* Products */;
			projectDirPath = "";
			projectRoot = "";
			targets = (
				291631FC1A574DC800FF58A2 /* Xplode */,
				291632111A574DC800FF58A2 /* XplodeTests */,
			);
		};
/* End PBXProject section */

/* Begin PBXResourcesBuildPhase section */
		291631FB1A574DC800FF58A2 /* Resources */ = {
			isa = PBXResourcesBuildPhase;
			buildActionMask = 2147483647;
			files = (
				291632081A574DC800FF58A2 /* Main.storyboard in Resources */,
				2916320D1A574DC800FF58A2 /* LaunchScreen.xib in Resources */,
				2916320A1A574DC800FF58A2 /* Images.xcassets in Resources */,
			);
			runOnlyForDeploymentPostprocessing = 0;
		};
		291632101A574DC800FF58A2 /* Resources */ = {
			isa = PBXResourcesBuildPhase;
			buildActionMask = 2147483647;
			files = (
			);
			runOnlyForDeploymentPostprocessing = 0;
		};
/* End PBXResourcesBuildPhase section */

/* Begin PBXSourcesBuildPhase section */
		291631F91A574DC800FF58A2 /* Sources */ = {
			isa = PBXSourcesBuildPhase;
			buildActionMask = 2147483647;
			files = (
				291632051A574DC800FF58A2 /* ViewController.swift in Sources */,
				291632031A574DC800FF58A2 /* AppDelegate.swift in Sources */,
			);
			runOnlyForDeploymentPostprocessing = 0;
		};
		2916320E1A574DC800FF58A2 /* Sources */ = {
			isa = PBXSourcesBuildPhase;
			buildActionMask = 2147483647;
			files = (
				291632191A574DC800FF58A2 /* XplodeTests.swift in Sources */,
			);
			runOnlyForDeploymentPostprocessing = 0;
		};
/* End PBXSourcesBuildPhase section */

/* Begin PBXTargetDependency section */
		291632141A574DC800FF58A2 /* PBXTargetDependency */ = {
			isa = PBXTargetDependency;
			target = 291631FC1A574DC800FF58A2 /* Xplode */;
			targetProxy = 291632131A574DC800FF58A2 /* PBXContainerItemProxy */;
		};
/* End PBXTargetDependency section */

/* Begin PBXVariantGroup section */
		291632061A574DC800FF58A2 /* Main.storyboard */ = {
			isa = PBXVariantGroup;
			children = (
				291632071A574DC800FF58A2 /* Base */,
			);
			name = Main.storyboard;
			sourceTree = "<group>";
		};
		2916320B1A574DC800FF58A2 /* LaunchScreen.xib */ = {
			isa = PBXVariantGroup;
			children = (
				2916320C1A574DC800FF58A2 /* Base */,
			);
			name = LaunchScreen.xib;
			sourceTree = "<group>";
		};
/* End PBXVariantGroup section */

/* Begin XCBuildConfiguration section */
		2916321A1A574DC800FF58A2 /* Debug */ = {
			isa = XCBuildConfiguration;
			buildSettings = {
				ALWAYS_SEARCH_USER_PATHS = NO;
				CLANG_CXX_LANGUAGE_STANDARD = "gnu++0x";
				CLANG_CXX_LIBRARY = "libc++";
				CLANG_ENABLE_MODULES = YES;
				CLANG_ENABLE_OBJC_ARC = YES;
				CLANG_WARN_BOOL_CONVERSION = YES;
				CLANG_WARN_CONSTANT_CONVERSION = YES;
				CLANG_WARN_DIRECT_OBJC_ISA_USAGE = YES_ERROR;
				CLANG_WARN_EMPTY_BODY = YES;
				CLANG_WARN_ENUM_CONVERSION = YES;
				CLANG_WARN_INT_CONVERSION = YES;
				CLANG_WARN_OBJC_ROOT_CLASS = YES_ERROR;
				CLANG_WARN_UNREACHABLE_CODE = YES;
				CLANG_WARN__DUPLICATE_METHOD_MATCH = YES;
				"CODE_SIGN_IDENTITY[sdk=iphoneos*]" = "iPhone Developer";
				COPY_PHASE_STRIP = NO;
				ENABLE_STRICT_OBJC_MSGSEND = YES;
				GCC_C_LANGUAGE_STANDARD = gnu99;
				GCC_DYNAMIC_NO_PIC = NO;
				GCC_OPTIMIZATION_LEVEL = 0;
				GCC_PREPROCESSOR_DEFINITIONS = (
					"DEBUG=1",
					"$(inherited)",
				);
				GCC_SYMBOLS_PRIVATE_EXTERN = NO;
				GCC_WARN_64_TO_32_BIT_CONVERSION = YES;
				GCC_WARN_ABOUT_RETURN_TYPE = YES_ERROR;
				GCC_WARN_UNDECLARED_SELECTOR = YES;
				GCC_WARN_UNINITIALIZED_AUTOS = YES_AGGRESSIVE;
				GCC_WARN_UNUSED_FUNCTION = YES;
				GCC_WARN_UNUSED_VARIABLE = YES;
				IPHONEOS_DEPLOYMENT_TARGET = 8.1;
				MTL_ENABLE_DEBUG_INFO = YES;
				ONLY_ACTIVE_ARCH = YES;
				SDKROOT = iphoneos;
				SWIFT_OPTIMIZATION_LEVEL = "-Onone";
			};
			name = Debug;
		};
		2916321B1A574DC800FF58A2 /* Release */ = {
			isa = XCBuildConfiguration;
			buildSettings = {
				ALWAYS_SEARCH_USER_PATHS = NO;
				CLANG_CXX_LANGUAGE_STANDARD = "gnu++0x";
				CLANG_CXX_LIBRARY = "libc++";
				CLANG_ENABLE_MODULES = YES;
				CLANG_ENABLE_OBJC_ARC = YES;
				CLANG_WARN_BOOL_CONVERSION = YES;
				CLANG_WARN_CONSTANT_CONVERSION = YES;
				CLANG_WARN_DIRECT_OBJC_ISA_USAGE = YES_ERROR;
				CLANG_WARN_EMPTY_BODY = YES;
				CLANG_WARN_ENUM_CONVERSION = YES;
				CLANG_WARN_INT_CONVERSION = YES;
				CLANG_WARN_OBJC_ROOT_CLASS = YES_ERROR;
				CLANG_WARN_UNREACHABLE_CODE = YES;
				CLANG_WARN__DUPLICATE_METHOD_MATCH = YES;
				"CODE_SIGN_IDENTITY[sdk=iphoneos*]" = "iPhone Developer";
				COPY_PHASE_STRIP = YES;
				ENABLE_NS_ASSERTIONS = NO;
				ENABLE_STRICT_OBJC_MSGSEND = YES;
				GCC_C_LANGUAGE_STANDARD = gnu99;
				GCC_WARN_64_TO_32_BIT_CONVERSION = YES;
				GCC_WARN_ABOUT_RETURN_TYPE = YES_ERROR;
				GCC_WARN_UNDECLARED_SELECTOR = YES;
				GCC_WARN_UNINITIALIZED_AUTOS = YES_AGGRESSIVE;
				GCC_WARN_UNUSED_FUNCTION = YES;
				GCC_WARN_UNUSED_VARIABLE = YES;
				IPHONEOS_DEPLOYMENT_TARGET = 8.1;
				MTL_ENABLE_DEBUG_INFO = NO;
				SDKROOT = iphoneos;
				VALIDATE_PRODUCT = YES;
			};
			name = Release;
		};
		2916321D1A574DC800FF58A2 /* Debug */ = {
			isa = XCBuildConfiguration;
			buildSettings = {
				ASSETCATALOG_COMPILER_APPICON_NAME = AppIcon;
				INFOPLIST_FILE = Xplode/Info.plist;
				LD_RUNPATH_SEARCH_PATHS = "$(inherited) @executable_path/Frameworks";
				PRODUCT_NAME = "$(TARGET_NAME)";
			};
			name = Debug;
		};
		2916321E1A574DC800FF58A2 /* Release */ = {
			isa = XCBuildConfiguration;
			buildSettings = {
				ASSETCATALOG_COMPILER_APPICON_NAME = AppIcon;
				INFOPLIST_FILE = Xplode/Info.plist;
				LD_RUNPATH_SEARCH_PATHS = "$(inherited) @executable_path/Frameworks";
				PRODUCT_NAME = "$(TARGET_NAME)";
			};
			name = Release;
		};
		291632201A574DC800FF58A2 /* Debug */ = {
			isa = XCBuildConfiguration;
			buildSettings = {
				BUNDLE_LOADER = "$(TEST_HOST)";
				FRAMEWORK_SEARCH_PATHS = (
					"$(SDKROOT)/Developer/Library/Frameworks",
					"$(inherited)",
				);
				GCC_PREPROCESSOR_DEFINITIONS = (
					"DEBUG=1",
					"$(inherited)",
				);
				INFOPLIST_FILE = XplodeTests/Info.plist;
				LD_RUNPATH_SEARCH_PATHS = "$(inherited) @executable_path/Frameworks @loader_path/Frameworks";
				PRODUCT_NAME = "$(TARGET_NAME)";
				TEST_HOST = "$(BUILT_PRODUCTS_DIR)/Xplode.app/Xplode";
			};
			name = Debug;
		};
		291632211A574DC800FF58A2 /* Release */ = {
			isa = XCBuildConfiguration;
			buildSettings = {
				BUNDLE_LOADER = "$(TEST_HOST)";
				FRAMEWORK_SEARCH_PATHS = (
					"$(SDKROOT)/Developer/Library/Frameworks",
					"$(inherited)",
				);
				INFOPLIST_FILE = XplodeTests/Info.plist;
				LD_RUNPATH_SEARCH_PATHS = "$(inherited) @executable_path/Frameworks @loader_path/Frameworks";
				PRODUCT_NAME = "$(TARGET_NAME)";
				TEST_HOST = "$(BUILT_PRODUCTS_DIR)/Xplode.app/Xplode";
			};
			name = Release;
		};
/* End XCBuildConfiguration section */

/* Begin XCConfigurationList section */
		291631F81A574DC800FF58A2 /* Build configuration list for PBXProject "Xplode" */ = {
			isa = XCConfigurationList;
			buildConfigurations = (
				2916321A1A574DC800FF58A2 /* Debug */,
				2916321B1A574DC800FF58A2 /* Release */,
			);
			defaultConfigurationIsVisible = 0;
			defaultConfigurationName = Release;
		};
		2916321C1A574DC800FF58A2 /* Build configuration list for PBXNativeTarget "Xplode" */ = {
			isa = XCConfigurationList;
			buildConfigurations = (
				2916321D1A574DC800FF58A2 /* Debug */,
				2916321E1A574DC800FF58A2 /* Release */,
			);
			defaultConfigurationIsVisible = 0;
		};
		2916321F1A574DC800FF58A2 /* Build configuration list for PBXNativeTarget "XplodeTests" */ = {
			isa = XCConfigurationList;
			buildConfigurations = (
				291632201A574DC800FF58A2 /* Debug */,
				291632211A574DC800FF58A2 /* Release */,
			);
			defaultConfigurationIsVisible = 0;
		};
/* End XCConfigurationList section */
	};
	rootObject = 291631F51A574DC800FF58A2 /* Project object */;
}
