// !$*UTF8*$!
{
	archiveVersion = 1;
	classes = {
	};
	objectVersion = 46;
	objects = {

/* Begin PBXBuildFile section */
		29C592101A0ABD2900C77DD7 /* main.m in Sources */ = {isa = PBXBuildFile; fileRef = 29C5920F1A0ABD2900C77DD7 /* main.m */; };
		29C592131A0ABD2900C77DD7 /* AppDelegate.m in Sources */ = {isa = PBXBuildFile; fileRef = 29C592121A0ABD2900C77DD7 /* AppDelegate.m */; };
		29C592161A0ABD2900C77DD7 /* FirstViewController.m in Sources */ = {isa = PBXBuildFile; fileRef = 29C592151A0ABD2900C77DD7 /* FirstViewController.m */; };
		29C592191A0ABD2900C77DD7 /* SecondViewController.m in Sources */ = {isa = PBXBuildFile; fileRef = 29C592181A0ABD2900C77DD7 /* SecondViewController.m */; };
		29C5921C1A0ABD2900C77DD7 /* Main.storyboard in Resources */ = {isa = PBXBuildFile; fileRef = 29C5921A1A0ABD2900C77DD7 /* Main.storyboard */; };
		29C5921E1A0ABD2900C77DD7 /* Images.xcassets in Resources */ = {isa = PBXBuildFile; fileRef = 29C5921D1A0ABD2900C77DD7 /* Images.xcassets */; };
		29C592211A0ABD2900C77DD7 /* LaunchScreen.xib in Resources */ = {isa = PBXBuildFile; fileRef = 29C5921F1A0ABD2900C77DD7 /* LaunchScreen.xib */; };
		29C5922D1A0ABD2900C77DD7 /* northwesternTests.m in Sources */ = {isa = PBXBuildFile; fileRef = 29C5922C1A0ABD2900C77DD7 /* northwesternTests.m */; };
/* End PBXBuildFile section */

/* Begin PBXContainerItemProxy section */
		29C592271A0ABD2900C77DD7 /* PBXContainerItemProxy */ = {
			isa = PBXContainerItemProxy;
			containerPortal = 29C592021A0ABD2900C77DD7 /* Project object */;
			proxyType = 1;
			remoteGlobalIDString = 29C592091A0ABD2900C77DD7;
			remoteInfo = northwestern;
		};
/* End PBXContainerItemProxy section */

/* Begin PBXFileReference section */
		29C5920A1A0ABD2900C77DD7 /* northwestern.app */ = {isa = PBXFileReference; explicitFileType = wrapper.application; includeInIndex = 0; path = northwestern.app; sourceTree = BUILT_PRODUCTS_DIR; };
		29C5920E1A0ABD2900C77DD7 /* Info.plist */ = {isa = PBXFileReference; lastKnownFileType = text.plist.xml; path = Info.plist; sourceTree = "<group>"; };
		29C5920F1A0ABD2900C77DD7 /* main.m */ = {isa = PBXFileReference; lastKnownFileType = sourcecode.c.objc; path = main.m; sourceTree = "<group>"; };
		29C592111A0ABD2900C77DD7 /* AppDelegate.h */ = {isa = PBXFileReference; lastKnownFileType = sourcecode.c.h; path = AppDelegate.h; sourceTree = "<group>"; };
		29C592121A0ABD2900C77DD7 /* AppDelegate.m */ = {isa = PBXFileReference; lastKnownFileType = sourcecode.c.objc; path = AppDelegate.m; sourceTree = "<group>"; };
		29C592141A0ABD2900C77DD7 /* FirstViewController.h */ = {isa = PBXFileReference; lastKnownFileType = sourcecode.c.h; path = FirstViewController.h; sourceTree = "<group>"; };
		29C592151A0ABD2900C77DD7 /* FirstViewController.m */ = {isa = PBXFileReference; lastKnownFileType = sourcecode.c.objc; path = FirstViewController.m; sourceTree = "<group>"; };
		29C592171A0ABD2900C77DD7 /* SecondViewController.h */ = {isa = PBXFileReference; lastKnownFileType = sourcecode.c.h; path = SecondViewController.h; sourceTree = "<group>"; };
		29C592181A0ABD2900C77DD7 /* SecondViewController.m */ = {isa = PBXFileReference; lastKnownFileType = sourcecode.c.objc; path = SecondViewController.m; sourceTree = "<group>"; };
		29C5921B1A0ABD2900C77DD7 /* Base */ = {isa = PBXFileReference; lastKnownFileType = file.storyboard; name = Base; path = Base.lproj/Main.storyboard; sourceTree = "<group>"; };
		29C5921D1A0ABD2900C77DD7 /* Images.xcassets */ = {isa = PBXFileReference; lastKnownFileType = folder.assetcatalog; path = Images.xcassets; sourceTree = "<group>"; };
		29C592201A0ABD2900C77DD7 /* Base */ = {isa = PBXFileReference; lastKnownFileType = file.xib; name = Base; path = Base.lproj/LaunchScreen.xib; sourceTree = "<group>"; };
		29C592261A0ABD2900C77DD7 /* northwesternTests.xctest */ = {isa = PBXFileReference; explicitFileType = wrapper.cfbundle; includeInIndex = 0; path = northwesternTests.xctest; sourceTree = BUILT_PRODUCTS_DIR; };
		29C5922B1A0ABD2900C77DD7 /* Info.plist */ = {isa = PBXFileReference; lastKnownFileType = text.plist.xml; path = Info.plist; sourceTree = "<group>"; };
		29C5922C1A0ABD2900C77DD7 /* northwesternTests.m */ = {isa = PBXFileReference; lastKnownFileType = sourcecode.c.objc; path = northwesternTests.m; sourceTree = "<group>"; };
/* End PBXFileReference section */

/* Begin PBXFrameworksBuildPhase section */
		29C592071A0ABD2900C77DD7 /* Frameworks */ = {
			isa = PBXFrameworksBuildPhase;
			buildActionMask = 2147483647;
			files = (
			);
			runOnlyForDeploymentPostprocessing = 0;
		};
		29C592231A0ABD2900C77DD7 /* Frameworks */ = {
			isa = PBXFrameworksBuildPhase;
			buildActionMask = 2147483647;
			files = (
			);
			runOnlyForDeploymentPostprocessing = 0;
		};
/* End PBXFrameworksBuildPhase section */

/* Begin PBXGroup section */
		29C592011A0ABD2900C77DD7 = {
			isa = PBXGroup;
			children = (
				29C5920C1A0ABD2900C77DD7 /* northwestern */,
				29C592291A0ABD2900C77DD7 /* northwesternTests */,
				29C5920B1A0ABD2900C77DD7 /* Products */,
			);
			sourceTree = "<group>";
		};
		29C5920B1A0ABD2900C77DD7 /* Products */ = {
			isa = PBXGroup;
			children = (
				29C5920A1A0ABD2900C77DD7 /* northwestern.app */,
				29C592261A0ABD2900C77DD7 /* northwesternTests.xctest */,
			);
			name = Products;
			sourceTree = "<group>";
		};
		29C5920C1A0ABD2900C77DD7 /* northwestern */ = {
			isa = PBXGroup;
			children = (
				29C592111A0ABD2900C77DD7 /* AppDelegate.h */,
				29C592121A0ABD2900C77DD7 /* AppDelegate.m */,
				29C592141A0ABD2900C77DD7 /* FirstViewController.h */,
				29C592151A0ABD2900C77DD7 /* FirstViewController.m */,
				29C592171A0ABD2900C77DD7 /* SecondViewController.h */,
				29C592181A0ABD2900C77DD7 /* SecondViewController.m */,
				29C5921A1A0ABD2900C77DD7 /* Main.storyboard */,
				29C5921D1A0ABD2900C77DD7 /* Images.xcassets */,
				29C5921F1A0ABD2900C77DD7 /* LaunchScreen.xib */,
				29C5920D1A0ABD2900C77DD7 /* Supporting Files */,
			);
			path = northwestern;
			sourceTree = "<group>";
		};
		29C5920D1A0ABD2900C77DD7 /* Supporting Files */ = {
			isa = PBXGroup;
			children = (
				29C5920E1A0ABD2900C77DD7 /* Info.plist */,
				29C5920F1A0ABD2900C77DD7 /* main.m */,
			);
			name = "Supporting Files";
			sourceTree = "<group>";
		};
		29C592291A0ABD2900C77DD7 /* northwesternTests */ = {
			isa = PBXGroup;
			children = (
				29C5922C1A0ABD2900C77DD7 /* northwesternTests.m */,
				29C5922A1A0ABD2900C77DD7 /* Supporting Files */,
			);
			path = northwesternTests;
			sourceTree = "<group>";
		};
		29C5922A1A0ABD2900C77DD7 /* Supporting Files */ = {
			isa = PBXGroup;
			children = (
				29C5922B1A0ABD2900C77DD7 /* Info.plist */,
			);
			name = "Supporting Files";
			sourceTree = "<group>";
		};
/* End PBXGroup section */

/* Begin PBXNativeTarget section */
		29C592091A0ABD2900C77DD7 /* northwestern */ = {
			isa = PBXNativeTarget;
			buildConfigurationList = 29C592301A0ABD2900C77DD7 /* Build configuration list for PBXNativeTarget "northwestern" */;
			buildPhases = (
				29C592061A0ABD2900C77DD7 /* Sources */,
				29C592071A0ABD2900C77DD7 /* Frameworks */,
				29C592081A0ABD2900C77DD7 /* Resources */,
			);
			buildRules = (
			);
			dependencies = (
			);
			name = northwestern;
			productName = northwestern;
			productReference = 29C5920A1A0ABD2900C77DD7 /* northwestern.app */;
			productType = "com.apple.product-type.application";
		};
		29C592251A0ABD2900C77DD7 /* northwesternTests */ = {
			isa = PBXNativeTarget;
			buildConfigurationList = 29C592331A0ABD2900C77DD7 /* Build configuration list for PBXNativeTarget "northwesternTests" */;
			buildPhases = (
				29C592221A0ABD2900C77DD7 /* Sources */,
				29C592231A0ABD2900C77DD7 /* Frameworks */,
				29C592241A0ABD2900C77DD7 /* Resources */,
			);
			buildRules = (
			);
			dependencies = (
				29C592281A0ABD2900C77DD7 /* PBXTargetDependency */,
			);
			name = northwesternTests;
			productName = northwesternTests;
			productReference = 29C592261A0ABD2900C77DD7 /* northwesternTests.xctest */;
			productType = "com.apple.product-type.bundle.unit-test";
		};
/* End PBXNativeTarget section */

/* Begin PBXProject section */
		29C592021A0ABD2900C77DD7 /* Project object */ = {
			isa = PBXProject;
			attributes = {
				LastUpgradeCheck = 0610;
				ORGANIZATIONNAME = "Aakash Anand Mishra";
				TargetAttributes = {
					29C592091A0ABD2900C77DD7 = {
						CreatedOnToolsVersion = 6.1;
					};
					29C592251A0ABD2900C77DD7 = {
						CreatedOnToolsVersion = 6.1;
						TestTargetID = 29C592091A0ABD2900C77DD7;
					};
				};
			};
			buildConfigurationList = 29C592051A0ABD2900C77DD7 /* Build configuration list for PBXProject "northwestern" */;
			compatibilityVersion = "Xcode 3.2";
			developmentRegion = English;
			hasScannedForEncodings = 0;
			knownRegions = (
				en,
				Base,
			);
			mainGroup = 29C592011A0ABD2900C77DD7;
			productRefGroup = 29C5920B1A0ABD2900C77DD7 /* Products */;
			projectDirPath = "";
			projectRoot = "";
			targets = (
				29C592091A0ABD2900C77DD7 /* northwestern */,
				29C592251A0ABD2900C77DD7 /* northwesternTests */,
			);
		};
/* End PBXProject section */

/* Begin PBXResourcesBuildPhase section */
		29C592081A0ABD2900C77DD7 /* Resources */ = {
			isa = PBXResourcesBuildPhase;
			buildActionMask = 2147483647;
			files = (
				29C5921C1A0ABD2900C77DD7 /* Main.storyboard in Resources */,
				29C592211A0ABD2900C77DD7 /* LaunchScreen.xib in Resources */,
				29C5921E1A0ABD2900C77DD7 /* Images.xcassets in Resources */,
			);
			runOnlyForDeploymentPostprocessing = 0;
		};
		29C592241A0ABD2900C77DD7 /* Resources */ = {
			isa = PBXResourcesBuildPhase;
			buildActionMask = 2147483647;
			files = (
			);
			runOnlyForDeploymentPostprocessing = 0;
		};
/* End PBXResourcesBuildPhase section */

/* Begin PBXSourcesBuildPhase section */
		29C592061A0ABD2900C77DD7 /* Sources */ = {
			isa = PBXSourcesBuildPhase;
			buildActionMask = 2147483647;
			files = (
				29C592191A0ABD2900C77DD7 /* SecondViewController.m in Sources */,
				29C592131A0ABD2900C77DD7 /* AppDelegate.m in Sources */,
				29C592161A0ABD2900C77DD7 /* FirstViewController.m in Sources */,
				29C592101A0ABD2900C77DD7 /* main.m in Sources */,
			);
			runOnlyForDeploymentPostprocessing = 0;
		};
		29C592221A0ABD2900C77DD7 /* Sources */ = {
			isa = PBXSourcesBuildPhase;
			buildActionMask = 2147483647;
			files = (
				29C5922D1A0ABD2900C77DD7 /* northwesternTests.m in Sources */,
			);
			runOnlyForDeploymentPostprocessing = 0;
		};
/* End PBXSourcesBuildPhase section */

/* Begin PBXTargetDependency section */
		29C592281A0ABD2900C77DD7 /* PBXTargetDependency */ = {
			isa = PBXTargetDependency;
			target = 29C592091A0ABD2900C77DD7 /* northwestern */;
			targetProxy = 29C592271A0ABD2900C77DD7 /* PBXContainerItemProxy */;
		};
/* End PBXTargetDependency section */

/* Begin PBXVariantGroup section */
		29C5921A1A0ABD2900C77DD7 /* Main.storyboard */ = {
			isa = PBXVariantGroup;
			children = (
				29C5921B1A0ABD2900C77DD7 /* Base */,
			);
			name = Main.storyboard;
			sourceTree = "<group>";
		};
		29C5921F1A0ABD2900C77DD7 /* LaunchScreen.xib */ = {
			isa = PBXVariantGroup;
			children = (
				29C592201A0ABD2900C77DD7 /* Base */,
			);
			name = LaunchScreen.xib;
			sourceTree = "<group>";
		};
/* End PBXVariantGroup section */

/* Begin XCBuildConfiguration section */
		29C5922E1A0ABD2900C77DD7 /* Debug */ = {
			isa = XCBuildConfiguration;
			buildSettings = {
				ALWAYS_SEARCH_USER_PATHS = NO;
				CLANG_CXX_LANGUAGE_STANDARD = "gnu++0x";
				CLANG_CXX_LIBRARY = "libc++";
				CLANG_ENABLE_MODULES = YES;
				CLANG_ENABLE_OBJC_ARC = YES;
				CLANG_WARN_BOOL_CONVERSION = YES;
				CLANG_WARN_CONSTANT_CONVERSION = YES;
				CLANG_WARN_DIRECT_OBJC_ISA_USAGE = YES_ERROR;
				CLANG_WARN_EMPTY_BODY = YES;
				CLANG_WARN_ENUM_CONVERSION = YES;
				CLANG_WARN_INT_CONVERSION = YES;
				CLANG_WARN_OBJC_ROOT_CLASS = YES_ERROR;
				CLANG_WARN_UNREACHABLE_CODE = YES;
				CLANG_WARN__DUPLICATE_METHOD_MATCH = YES;
				"CODE_SIGN_IDENTITY[sdk=iphoneos*]" = "iPhone Developer";
				COPY_PHASE_STRIP = NO;
				ENABLE_STRICT_OBJC_MSGSEND = YES;
				GCC_C_LANGUAGE_STANDARD = gnu99;
				GCC_DYNAMIC_NO_PIC = NO;
				GCC_OPTIMIZATION_LEVEL = 0;
				GCC_PREPROCESSOR_DEFINITIONS = (
					"DEBUG=1",
					"$(inherited)",
				);
				GCC_SYMBOLS_PRIVATE_EXTERN = NO;
				GCC_WARN_64_TO_32_BIT_CONVERSION = YES;
				GCC_WARN_ABOUT_RETURN_TYPE = YES_ERROR;
				GCC_WARN_UNDECLARED_SELECTOR = YES;
				GCC_WARN_UNINITIALIZED_AUTOS = YES_AGGRESSIVE;
				GCC_WARN_UNUSED_FUNCTION = YES;
				GCC_WARN_UNUSED_VARIABLE = YES;
				IPHONEOS_DEPLOYMENT_TARGET = 8.1;
				MTL_ENABLE_DEBUG_INFO = YES;
				ONLY_ACTIVE_ARCH = YES;
				SDKROOT = iphoneos;
				TARGETED_DEVICE_FAMILY = "1,2";
			};
			name = Debug;
		};
		29C5922F1A0ABD2900C77DD7 /* Release */ = {
			isa = XCBuildConfiguration;
			buildSettings = {
				ALWAYS_SEARCH_USER_PATHS = NO;
				CLANG_CXX_LANGUAGE_STANDARD = "gnu++0x";
				CLANG_CXX_LIBRARY = "libc++";
				CLANG_ENABLE_MODULES = YES;
				CLANG_ENABLE_OBJC_ARC = YES;
				CLANG_WARN_BOOL_CONVERSION = YES;
				CLANG_WARN_CONSTANT_CONVERSION = YES;
				CLANG_WARN_DIRECT_OBJC_ISA_USAGE = YES_ERROR;
				CLANG_WARN_EMPTY_BODY = YES;
				CLANG_WARN_ENUM_CONVERSION = YES;
				CLANG_WARN_INT_CONVERSION = YES;
				CLANG_WARN_OBJC_ROOT_CLASS = YES_ERROR;
				CLANG_WARN_UNREACHABLE_CODE = YES;
				CLANG_WARN__DUPLICATE_METHOD_MATCH = YES;
				"CODE_SIGN_IDENTITY[sdk=iphoneos*]" = "iPhone Developer";
				COPY_PHASE_STRIP = YES;
				ENABLE_NS_ASSERTIONS = NO;
				ENABLE_STRICT_OBJC_MSGSEND = YES;
				GCC_C_LANGUAGE_STANDARD = gnu99;
				GCC_WARN_64_TO_32_BIT_CONVERSION = YES;
				GCC_WARN_ABOUT_RETURN_TYPE = YES_ERROR;
				GCC_WARN_UNDECLARED_SELECTOR = YES;
				GCC_WARN_UNINITIALIZED_AUTOS = YES_AGGRESSIVE;
				GCC_WARN_UNUSED_FUNCTION = YES;
				GCC_WARN_UNUSED_VARIABLE = YES;
				IPHONEOS_DEPLOYMENT_TARGET = 8.1;
				MTL_ENABLE_DEBUG_INFO = NO;
				SDKROOT = iphoneos;
				TARGETED_DEVICE_FAMILY = "1,2";
				VALIDATE_PRODUCT = YES;
			};
			name = Release;
		};
		29C592311A0ABD2900C77DD7 /* Debug */ = {
			isa = XCBuildConfiguration;
			buildSettings = {
				ASSETCATALOG_COMPILER_APPICON_NAME = AppIcon;
				INFOPLIST_FILE = northwestern/Info.plist;
				LD_RUNPATH_SEARCH_PATHS = "$(inherited) @executable_path/Frameworks";
				PRODUCT_NAME = "$(TARGET_NAME)";
			};
			name = Debug;
		};
		29C592321A0ABD2900C77DD7 /* Release */ = {
			isa = XCBuildConfiguration;
			buildSettings = {
				ASSETCATALOG_COMPILER_APPICON_NAME = AppIcon;
				INFOPLIST_FILE = northwestern/Info.plist;
				LD_RUNPATH_SEARCH_PATHS = "$(inherited) @executable_path/Frameworks";
				PRODUCT_NAME = "$(TARGET_NAME)";
			};
			name = Release;
		};
		29C592341A0ABD2900C77DD7 /* Debug */ = {
			isa = XCBuildConfiguration;
			buildSettings = {
				BUNDLE_LOADER = "$(TEST_HOST)";
				FRAMEWORK_SEARCH_PATHS = (
					"$(SDKROOT)/Developer/Library/Frameworks",
					"$(inherited)",
				);
				GCC_PREPROCESSOR_DEFINITIONS = (
					"DEBUG=1",
					"$(inherited)",
				);
				INFOPLIST_FILE = northwesternTests/Info.plist;
				LD_RUNPATH_SEARCH_PATHS = "$(inherited) @executable_path/Frameworks @loader_path/Frameworks";
				PRODUCT_NAME = "$(TARGET_NAME)";
				TEST_HOST = "$(BUILT_PRODUCTS_DIR)/northwestern.app/northwestern";
			};
			name = Debug;
		};
		29C592351A0ABD2900C77DD7 /* Release */ = {
			isa = XCBuildConfiguration;
			buildSettings = {
				BUNDLE_LOADER = "$(TEST_HOST)";
				FRAMEWORK_SEARCH_PATHS = (
					"$(SDKROOT)/Developer/Library/Frameworks",
					"$(inherited)",
				);
				INFOPLIST_FILE = northwesternTests/Info.plist;
				LD_RUNPATH_SEARCH_PATHS = "$(inherited) @executable_path/Frameworks @loader_path/Frameworks";
				PRODUCT_NAME = "$(TARGET_NAME)";
				TEST_HOST = "$(BUILT_PRODUCTS_DIR)/northwestern.app/northwestern";
			};
			name = Release;
		};
/* End XCBuildConfiguration section */

/* Begin XCConfigurationList section */
		29C592051A0ABD2900C77DD7 /* Build configuration list for PBXProject "northwestern" */ = {
			isa = XCConfigurationList;
			buildConfigurations = (
				29C5922E1A0ABD2900C77DD7 /* Debug */,
				29C5922F1A0ABD2900C77DD7 /* Release */,
			);
			defaultConfigurationIsVisible = 0;
			defaultConfigurationName = Release;
		};
		29C592301A0ABD2900C77DD7 /* Build configuration list for PBXNativeTarget "northwestern" */ = {
			isa = XCConfigurationList;
			buildConfigurations = (
				29C592311A0ABD2900C77DD7 /* Debug */,
				29C592321A0ABD2900C77DD7 /* Release */,
			);
			defaultConfigurationIsVisible = 0;
		};
		29C592331A0ABD2900C77DD7 /* Build configuration list for PBXNativeTarget "northwesternTests" */ = {
			isa = XCConfigurationList;
			buildConfigurations = (
				29C592341A0ABD2900C77DD7 /* Debug */,
				29C592351A0ABD2900C77DD7 /* Release */,
			);
			defaultConfigurationIsVisible = 0;
		};
/* End XCConfigurationList section */
	};
	rootObject = 29C592021A0ABD2900C77DD7 /* Project object */;
}
